// !$*UTF8*$!
{
	archiveVersion = 1;
	classes = {
	};
	objectVersion = 56;
	objects = {

/* Begin PBXBuildFile section */
		B9D7AD162C215ACB0074EAA6 /* AppDelegate.swift in Sources */ = {isa = PBXBuildFile; fileRef = B9D7AD152C215ACB0074EAA6 /* AppDelegate.swift */; };
		B9D7AD182C215ACB0074EAA6 /* SceneDelegate.swift in Sources */ = {isa = PBXBuildFile; fileRef = B9D7AD172C215ACB0074EAA6 /* SceneDelegate.swift */; };
		B9D7AD1A2C215ACB0074EAA6 /* ViewController.swift in Sources */ = {isa = PBXBuildFile; fileRef = B9D7AD192C215ACB0074EAA6 /* ViewController.swift */; };
		B9D7AD1D2C215ACB0074EAA6 /* Base in Resources */ = {isa = PBXBuildFile; fileRef = B9D7AD1C2C215ACB0074EAA6 /* Base */; };
		B9D7AD1F2C215ACD0074EAA6 /* Assets.xcassets in Resources */ = {isa = PBXBuildFile; fileRef = B9D7AD1E2C215ACD0074EAA6 /* Assets.xcassets */; };
		B9D7AD222C215ACD0074EAA6 /* Base in Resources */ = {isa = PBXBuildFile; fileRef = B9D7AD212C215ACD0074EAA6 /* Base */; };
		B9D7AD2D2C215AD00074EAA6 /* AiraloTestTests.swift in Sources */ = {isa = PBXBuildFile; fileRef = B9D7AD2C2C215AD00074EAA6 /* AiraloTestTests.swift */; };
		B9D7AD372C215AD00074EAA6 /* AiraloTestUITests.swift in Sources */ = {isa = PBXBuildFile; fileRef = B9D7AD362C215AD00074EAA6 /* AiraloTestUITests.swift */; };
		B9D7AD392C215AD00074EAA6 /* AiraloTestUITestsLaunchTests.swift in Sources */ = {isa = PBXBuildFile; fileRef = B9D7AD382C215AD00074EAA6 /* AiraloTestUITestsLaunchTests.swift */; };
		B9D7AD4B2C215BD90074EAA6 /* NetworkManager.swift in Sources */ = {isa = PBXBuildFile; fileRef = B9D7AD4A2C215BD90074EAA6 /* NetworkManager.swift */; };
		B9D7AD4E2C215C2A0074EAA6 /* HTTPMethod.swift in Sources */ = {isa = PBXBuildFile; fileRef = B9D7AD4D2C215C2A0074EAA6 /* HTTPMethod.swift */; };
		B9D7AD502C215C340074EAA6 /* NetworkError.swift in Sources */ = {isa = PBXBuildFile; fileRef = B9D7AD4F2C215C340074EAA6 /* NetworkError.swift */; };
		B9D7AD522C215C410074EAA6 /* HeadersType.swift in Sources */ = {isa = PBXBuildFile; fileRef = B9D7AD512C215C410074EAA6 /* HeadersType.swift */; };
		B9D7AD552C215C550074EAA6 /* ServiceProtocol.swift in Sources */ = {isa = PBXBuildFile; fileRef = B9D7AD542C215C550074EAA6 /* ServiceProtocol.swift */; };
		B9D7AD582C215CCC0074EAA6 /* EsimRepository.swift in Sources */ = {isa = PBXBuildFile; fileRef = B9D7AD572C215CCC0074EAA6 /* EsimRepository.swift */; };
		B9D7AD5A2C215CD90074EAA6 /* EsimRepositoryImplementation.swift in Sources */ = {isa = PBXBuildFile; fileRef = B9D7AD592C215CD90074EAA6 /* EsimRepositoryImplementation.swift */; };
		B9D7AD5E2C215D480074EAA6 /* LocalEsimService.swift in Sources */ = {isa = PBXBuildFile; fileRef = B9D7AD5D2C215D480074EAA6 /* LocalEsimService.swift */; };
		B9D7AD602C215D560074EAA6 /* CountryPackagesService.swift in Sources */ = {isa = PBXBuildFile; fileRef = B9D7AD5F2C215D560074EAA6 /* CountryPackagesService.swift */; };
		B9D7AD632C215EFD0074EAA6 /* LocalEsim.swift in Sources */ = {isa = PBXBuildFile; fileRef = B9D7AD622C215EFD0074EAA6 /* LocalEsim.swift */; };
		B9D7AD652C215FAA0074EAA6 /* CountryPackages.swift in Sources */ = {isa = PBXBuildFile; fileRef = B9D7AD642C215FAA0074EAA6 /* CountryPackages.swift */; };
/* End PBXBuildFile section */

/* Begin PBXContainerItemProxy section */
		B9D7AD292C215AD00074EAA6 /* PBXContainerItemProxy */ = {
			isa = PBXContainerItemProxy;
			containerPortal = B9D7AD0A2C215ACB0074EAA6 /* Project object */;
			proxyType = 1;
			remoteGlobalIDString = B9D7AD112C215ACB0074EAA6;
			remoteInfo = AiraloTest;
		};
		B9D7AD332C215AD00074EAA6 /* PBXContainerItemProxy */ = {
			isa = PBXContainerItemProxy;
			containerPortal = B9D7AD0A2C215ACB0074EAA6 /* Project object */;
			proxyType = 1;
			remoteGlobalIDString = B9D7AD112C215ACB0074EAA6;
			remoteInfo = AiraloTest;
		};
/* End PBXContainerItemProxy section */

/* Begin PBXFileReference section */
		B9D7AD122C215ACB0074EAA6 /* AiraloTest.app */ = {isa = PBXFileReference; explicitFileType = wrapper.application; includeInIndex = 0; path = AiraloTest.app; sourceTree = BUILT_PRODUCTS_DIR; };
		B9D7AD152C215ACB0074EAA6 /* AppDelegate.swift */ = {isa = PBXFileReference; lastKnownFileType = sourcecode.swift; path = AppDelegate.swift; sourceTree = "<group>"; };
		B9D7AD172C215ACB0074EAA6 /* SceneDelegate.swift */ = {isa = PBXFileReference; lastKnownFileType = sourcecode.swift; path = SceneDelegate.swift; sourceTree = "<group>"; };
		B9D7AD192C215ACB0074EAA6 /* ViewController.swift */ = {isa = PBXFileReference; lastKnownFileType = sourcecode.swift; path = ViewController.swift; sourceTree = "<group>"; };
		B9D7AD1C2C215ACB0074EAA6 /* Base */ = {isa = PBXFileReference; lastKnownFileType = file.storyboard; name = Base; path = Base.lproj/Main.storyboard; sourceTree = "<group>"; };
		B9D7AD1E2C215ACD0074EAA6 /* Assets.xcassets */ = {isa = PBXFileReference; lastKnownFileType = folder.assetcatalog; path = Assets.xcassets; sourceTree = "<group>"; };
		B9D7AD212C215ACD0074EAA6 /* Base */ = {isa = PBXFileReference; lastKnownFileType = file.storyboard; name = Base; path = Base.lproj/LaunchScreen.storyboard; sourceTree = "<group>"; };
		B9D7AD232C215ACD0074EAA6 /* Info.plist */ = {isa = PBXFileReference; lastKnownFileType = text.plist.xml; path = Info.plist; sourceTree = "<group>"; };
		B9D7AD282C215AD00074EAA6 /* AiraloTestTests.xctest */ = {isa = PBXFileReference; explicitFileType = wrapper.cfbundle; includeInIndex = 0; path = AiraloTestTests.xctest; sourceTree = BUILT_PRODUCTS_DIR; };
		B9D7AD2C2C215AD00074EAA6 /* AiraloTestTests.swift */ = {isa = PBXFileReference; lastKnownFileType = sourcecode.swift; path = AiraloTestTests.swift; sourceTree = "<group>"; };
		B9D7AD322C215AD00074EAA6 /* AiraloTestUITests.xctest */ = {isa = PBXFileReference; explicitFileType = wrapper.cfbundle; includeInIndex = 0; path = AiraloTestUITests.xctest; sourceTree = BUILT_PRODUCTS_DIR; };
		B9D7AD362C215AD00074EAA6 /* AiraloTestUITests.swift */ = {isa = PBXFileReference; lastKnownFileType = sourcecode.swift; path = AiraloTestUITests.swift; sourceTree = "<group>"; };
		B9D7AD382C215AD00074EAA6 /* AiraloTestUITestsLaunchTests.swift */ = {isa = PBXFileReference; lastKnownFileType = sourcecode.swift; path = AiraloTestUITestsLaunchTests.swift; sourceTree = "<group>"; };
		B9D7AD4A2C215BD90074EAA6 /* NetworkManager.swift */ = {isa = PBXFileReference; lastKnownFileType = sourcecode.swift; path = NetworkManager.swift; sourceTree = SOURCE_ROOT; };
		B9D7AD4D2C215C2A0074EAA6 /* HTTPMethod.swift */ = {isa = PBXFileReference; lastKnownFileType = sourcecode.swift; path = HTTPMethod.swift; sourceTree = "<group>"; };
		B9D7AD4F2C215C340074EAA6 /* NetworkError.swift */ = {isa = PBXFileReference; lastKnownFileType = sourcecode.swift; path = NetworkError.swift; sourceTree = "<group>"; };
		B9D7AD512C215C410074EAA6 /* HeadersType.swift */ = {isa = PBXFileReference; lastKnownFileType = sourcecode.swift; path = HeadersType.swift; sourceTree = "<group>"; };
		B9D7AD542C215C550074EAA6 /* ServiceProtocol.swift */ = {isa = PBXFileReference; lastKnownFileType = sourcecode.swift; path = ServiceProtocol.swift; sourceTree = "<group>"; };
		B9D7AD572C215CCC0074EAA6 /* EsimRepository.swift */ = {isa = PBXFileReference; lastKnownFileType = sourcecode.swift; path = EsimRepository.swift; sourceTree = "<group>"; };
		B9D7AD592C215CD90074EAA6 /* EsimRepositoryImplementation.swift */ = {isa = PBXFileReference; lastKnownFileType = sourcecode.swift; path = EsimRepositoryImplementation.swift; sourceTree = "<group>"; };
		B9D7AD5D2C215D480074EAA6 /* LocalEsimService.swift */ = {isa = PBXFileReference; lastKnownFileType = sourcecode.swift; path = LocalEsimService.swift; sourceTree = "<group>"; };
		B9D7AD5F2C215D560074EAA6 /* CountryPackagesService.swift */ = {isa = PBXFileReference; lastKnownFileType = sourcecode.swift; path = CountryPackagesService.swift; sourceTree = "<group>"; };
		B9D7AD622C215EFD0074EAA6 /* LocalEsim.swift */ = {isa = PBXFileReference; lastKnownFileType = sourcecode.swift; path = LocalEsim.swift; sourceTree = "<group>"; };
		B9D7AD642C215FAA0074EAA6 /* CountryPackages.swift */ = {isa = PBXFileReference; lastKnownFileType = sourcecode.swift; path = CountryPackages.swift; sourceTree = "<group>"; };
/* End PBXFileReference section */

/* Begin PBXFrameworksBuildPhase section */
		B9D7AD0F2C215ACB0074EAA6 /* Frameworks */ = {
			isa = PBXFrameworksBuildPhase;
			buildActionMask = 2147483647;
			files = (
			);
			runOnlyForDeploymentPostprocessing = 0;
		};
		B9D7AD252C215AD00074EAA6 /* Frameworks */ = {
			isa = PBXFrameworksBuildPhase;
			buildActionMask = 2147483647;
			files = (
			);
			runOnlyForDeploymentPostprocessing = 0;
		};
		B9D7AD2F2C215AD00074EAA6 /* Frameworks */ = {
			isa = PBXFrameworksBuildPhase;
			buildActionMask = 2147483647;
			files = (
			);
			runOnlyForDeploymentPostprocessing = 0;
		};
/* End PBXFrameworksBuildPhase section */

/* Begin PBXGroup section */
		B9D7AD092C215ACB0074EAA6 = {
			isa = PBXGroup;
			children = (
				B9D7AD142C215ACB0074EAA6 /* AiraloTest */,
				B9D7AD2B2C215AD00074EAA6 /* AiraloTestTests */,
				B9D7AD352C215AD00074EAA6 /* AiraloTestUITests */,
				B9D7AD132C215ACB0074EAA6 /* Products */,
			);
			sourceTree = "<group>";
		};
		B9D7AD132C215ACB0074EAA6 /* Products */ = {
			isa = PBXGroup;
			children = (
				B9D7AD122C215ACB0074EAA6 /* AiraloTest.app */,
				B9D7AD282C215AD00074EAA6 /* AiraloTestTests.xctest */,
				B9D7AD322C215AD00074EAA6 /* AiraloTestUITests.xctest */,
			);
			name = Products;
			sourceTree = "<group>";
		};
		B9D7AD142C215ACB0074EAA6 /* AiraloTest */ = {
			isa = PBXGroup;
			children = (
				B9D7AD482C215B740074EAA6 /* Data */,
				B9D7AD472C215B6C0074EAA6 /* Features */,
				B9D7AD462C215B550074EAA6 /* Assets */,
				B9D7AD452C215B3E0074EAA6 /* Application */,
				B9D7AD192C215ACB0074EAA6 /* ViewController.swift */,
				B9D7AD232C215ACD0074EAA6 /* Info.plist */,
			);
			path = AiraloTest;
			sourceTree = "<group>";
		};
		B9D7AD2B2C215AD00074EAA6 /* AiraloTestTests */ = {
			isa = PBXGroup;
			children = (
				B9D7AD2C2C215AD00074EAA6 /* AiraloTestTests.swift */,
			);
			path = AiraloTestTests;
			sourceTree = "<group>";
		};
		B9D7AD352C215AD00074EAA6 /* AiraloTestUITests */ = {
			isa = PBXGroup;
			children = (
				B9D7AD362C215AD00074EAA6 /* AiraloTestUITests.swift */,
				B9D7AD382C215AD00074EAA6 /* AiraloTestUITestsLaunchTests.swift */,
			);
			path = AiraloTestUITests;
			sourceTree = "<group>";
		};
		B9D7AD452C215B3E0074EAA6 /* Application */ = {
			isa = PBXGroup;
			children = (
				B9D7AD1B2C215ACB0074EAA6 /* Main.storyboard */,
				B9D7AD202C215ACD0074EAA6 /* LaunchScreen.storyboard */,
				B9D7AD152C215ACB0074EAA6 /* AppDelegate.swift */,
				B9D7AD172C215ACB0074EAA6 /* SceneDelegate.swift */,
			);
			path = Application;
			sourceTree = "<group>";
		};
		B9D7AD462C215B550074EAA6 /* Assets */ = {
			isa = PBXGroup;
			children = (
				B9D7AD1E2C215ACD0074EAA6 /* Assets.xcassets */,
			);
			path = Assets;
			sourceTree = "<group>";
		};
		B9D7AD472C215B6C0074EAA6 /* Features */ = {
			isa = PBXGroup;
			children = (
			);
			path = Features;
			sourceTree = "<group>";
		};
		B9D7AD482C215B740074EAA6 /* Data */ = {
			isa = PBXGroup;
			children = (
				B9D7AD612C215EF60074EAA6 /* Models */,
				B9D7AD562C215C6F0074EAA6 /* Repositories */,
				B9D7AD492C215BCB0074EAA6 /* Network */,
			);
			path = Data;
			sourceTree = "<group>";
		};
		B9D7AD492C215BCB0074EAA6 /* Network */ = {
			isa = PBXGroup;
			children = (
				B9D7AD532C215C4E0074EAA6 /* Protocols */,
				B9D7AD4C2C215C230074EAA6 /* Data */,
				B9D7AD4A2C215BD90074EAA6 /* NetworkManager.swift */,
			);
			path = Network;
			sourceTree = "<group>";
		};
		B9D7AD4C2C215C230074EAA6 /* Data */ = {
			isa = PBXGroup;
			children = (
				B9D7AD4D2C215C2A0074EAA6 /* HTTPMethod.swift */,
				B9D7AD4F2C215C340074EAA6 /* NetworkError.swift */,
				B9D7AD512C215C410074EAA6 /* HeadersType.swift */,
			);
			path = Data;
			sourceTree = "<group>";
		};
		B9D7AD532C215C4E0074EAA6 /* Protocols */ = {
			isa = PBXGroup;
			children = (
				B9D7AD542C215C550074EAA6 /* ServiceProtocol.swift */,
			);
			path = Protocols;
			sourceTree = "<group>";
		};
		B9D7AD562C215C6F0074EAA6 /* Repositories */ = {
			isa = PBXGroup;
			children = (
				B9D7AD5B2C215D330074EAA6 /* EsimRepository */,
			);
			path = Repositories;
			sourceTree = "<group>";
		};
		B9D7AD5B2C215D330074EAA6 /* EsimRepository */ = {
			isa = PBXGroup;
			children = (
				B9D7AD5C2C215D3D0074EAA6 /* Service */,
				B9D7AD572C215CCC0074EAA6 /* EsimRepository.swift */,
				B9D7AD592C215CD90074EAA6 /* EsimRepositoryImplementation.swift */,
			);
			path = EsimRepository;
			sourceTree = "<group>";
		};
		B9D7AD5C2C215D3D0074EAA6 /* Service */ = {
			isa = PBXGroup;
			children = (
				B9D7AD5D2C215D480074EAA6 /* LocalEsimService.swift */,
				B9D7AD5F2C215D560074EAA6 /* CountryPackagesService.swift */,
			);
			path = Service;
			sourceTree = "<group>";
		};
		B9D7AD612C215EF60074EAA6 /* Models */ = {
			isa = PBXGroup;
			children = (
				B9D7AD622C215EFD0074EAA6 /* LocalEsim.swift */,
				B9D7AD642C215FAA0074EAA6 /* CountryPackages.swift */,
			);
			path = Models;
			sourceTree = "<group>";
		};
/* End PBXGroup section */

/* Begin PBXNativeTarget section */
		B9D7AD112C215ACB0074EAA6 /* AiraloTest */ = {
			isa = PBXNativeTarget;
			buildConfigurationList = B9D7AD3C2C215AD00074EAA6 /* Build configuration list for PBXNativeTarget "AiraloTest" */;
			buildPhases = (
				B9D7AD0E2C215ACB0074EAA6 /* Sources */,
				B9D7AD0F2C215ACB0074EAA6 /* Frameworks */,
				B9D7AD102C215ACB0074EAA6 /* Resources */,
			);
			buildRules = (
			);
			dependencies = (
			);
			name = AiraloTest;
			productName = AiraloTest;
			productReference = B9D7AD122C215ACB0074EAA6 /* AiraloTest.app */;
			productType = "com.apple.product-type.application";
		};
		B9D7AD272C215AD00074EAA6 /* AiraloTestTests */ = {
			isa = PBXNativeTarget;
			buildConfigurationList = B9D7AD3F2C215AD00074EAA6 /* Build configuration list for PBXNativeTarget "AiraloTestTests" */;
			buildPhases = (
				B9D7AD242C215AD00074EAA6 /* Sources */,
				B9D7AD252C215AD00074EAA6 /* Frameworks */,
				B9D7AD262C215AD00074EAA6 /* Resources */,
			);
			buildRules = (
			);
			dependencies = (
				B9D7AD2A2C215AD00074EAA6 /* PBXTargetDependency */,
			);
			name = AiraloTestTests;
			productName = AiraloTestTests;
			productReference = B9D7AD282C215AD00074EAA6 /* AiraloTestTests.xctest */;
			productType = "com.apple.product-type.bundle.unit-test";
		};
		B9D7AD312C215AD00074EAA6 /* AiraloTestUITests */ = {
			isa = PBXNativeTarget;
			buildConfigurationList = B9D7AD422C215AD00074EAA6 /* Build configuration list for PBXNativeTarget "AiraloTestUITests" */;
			buildPhases = (
				B9D7AD2E2C215AD00074EAA6 /* Sources */,
				B9D7AD2F2C215AD00074EAA6 /* Frameworks */,
				B9D7AD302C215AD00074EAA6 /* Resources */,
			);
			buildRules = (
			);
			dependencies = (
				B9D7AD342C215AD00074EAA6 /* PBXTargetDependency */,
			);
			name = AiraloTestUITests;
			productName = AiraloTestUITests;
			productReference = B9D7AD322C215AD00074EAA6 /* AiraloTestUITests.xctest */;
			productType = "com.apple.product-type.bundle.ui-testing";
		};
/* End PBXNativeTarget section */

/* Begin PBXProject section */
		B9D7AD0A2C215ACB0074EAA6 /* Project object */ = {
			isa = PBXProject;
			attributes = {
				BuildIndependentTargetsInParallel = 1;
				LastSwiftUpdateCheck = 1530;
				LastUpgradeCheck = 1530;
				TargetAttributes = {
					B9D7AD112C215ACB0074EAA6 = {
						CreatedOnToolsVersion = 15.3;
					};
					B9D7AD272C215AD00074EAA6 = {
						CreatedOnToolsVersion = 15.3;
						TestTargetID = B9D7AD112C215ACB0074EAA6;
					};
					B9D7AD312C215AD00074EAA6 = {
						CreatedOnToolsVersion = 15.3;
						TestTargetID = B9D7AD112C215ACB0074EAA6;
					};
				};
			};
			buildConfigurationList = B9D7AD0D2C215ACB0074EAA6 /* Build configuration list for PBXProject "AiraloTest" */;
			compatibilityVersion = "Xcode 14.0";
			developmentRegion = en;
			hasScannedForEncodings = 0;
			knownRegions = (
				en,
				Base,
			);
			mainGroup = B9D7AD092C215ACB0074EAA6;
			productRefGroup = B9D7AD132C215ACB0074EAA6 /* Products */;
			projectDirPath = "";
			projectRoot = "";
			targets = (
				B9D7AD112C215ACB0074EAA6 /* AiraloTest */,
				B9D7AD272C215AD00074EAA6 /* AiraloTestTests */,
				B9D7AD312C215AD00074EAA6 /* AiraloTestUITests */,
			);
		};
/* End PBXProject section */

/* Begin PBXResourcesBuildPhase section */
		B9D7AD102C215ACB0074EAA6 /* Resources */ = {
			isa = PBXResourcesBuildPhase;
			buildActionMask = 2147483647;
			files = (
				B9D7AD1F2C215ACD0074EAA6 /* Assets.xcassets in Resources */,
				B9D7AD222C215ACD0074EAA6 /* Base in Resources */,
				B9D7AD1D2C215ACB0074EAA6 /* Base in Resources */,
			);
			runOnlyForDeploymentPostprocessing = 0;
		};
		B9D7AD262C215AD00074EAA6 /* Resources */ = {
			isa = PBXResourcesBuildPhase;
			buildActionMask = 2147483647;
			files = (
			);
			runOnlyForDeploymentPostprocessing = 0;
		};
		B9D7AD302C215AD00074EAA6 /* Resources */ = {
			isa = PBXResourcesBuildPhase;
			buildActionMask = 2147483647;
			files = (
			);
			runOnlyForDeploymentPostprocessing = 0;
		};
/* End PBXResourcesBuildPhase section */

/* Begin PBXSourcesBuildPhase section */
		B9D7AD0E2C215ACB0074EAA6 /* Sources */ = {
			isa = PBXSourcesBuildPhase;
			buildActionMask = 2147483647;
			files = (
				B9D7AD522C215C410074EAA6 /* HeadersType.swift in Sources */,
				B9D7AD4B2C215BD90074EAA6 /* NetworkManager.swift in Sources */,
				B9D7AD1A2C215ACB0074EAA6 /* ViewController.swift in Sources */,
				B9D7AD552C215C550074EAA6 /* ServiceProtocol.swift in Sources */,
				B9D7AD162C215ACB0074EAA6 /* AppDelegate.swift in Sources */,
				B9D7AD652C215FAA0074EAA6 /* CountryPackages.swift in Sources */,
				B9D7AD632C215EFD0074EAA6 /* LocalEsim.swift in Sources */,
				B9D7AD502C215C340074EAA6 /* NetworkError.swift in Sources */,
				B9D7AD4E2C215C2A0074EAA6 /* HTTPMethod.swift in Sources */,
				B9D7AD602C215D560074EAA6 /* CountryPackagesService.swift in Sources */,
				B9D7AD182C215ACB0074EAA6 /* SceneDelegate.swift in Sources */,
				B9D7AD5E2C215D480074EAA6 /* LocalEsimService.swift in Sources */,
				B9D7AD582C215CCC0074EAA6 /* EsimRepository.swift in Sources */,
				B9D7AD5A2C215CD90074EAA6 /* EsimRepositoryImplementation.swift in Sources */,
			);
			runOnlyForDeploymentPostprocessing = 0;
		};
		B9D7AD242C215AD00074EAA6 /* Sources */ = {
			isa = PBXSourcesBuildPhase;
			buildActionMask = 2147483647;
			files = (
				B9D7AD2D2C215AD00074EAA6 /* AiraloTestTests.swift in Sources */,
			);
			runOnlyForDeploymentPostprocessing = 0;
		};
		B9D7AD2E2C215AD00074EAA6 /* Sources */ = {
			isa = PBXSourcesBuildPhase;
			buildActionMask = 2147483647;
			files = (
				B9D7AD392C215AD00074EAA6 /* AiraloTestUITestsLaunchTests.swift in Sources */,
				B9D7AD372C215AD00074EAA6 /* AiraloTestUITests.swift in Sources */,
			);
			runOnlyForDeploymentPostprocessing = 0;
		};
/* End PBXSourcesBuildPhase section */

/* Begin PBXTargetDependency section */
		B9D7AD2A2C215AD00074EAA6 /* PBXTargetDependency */ = {
			isa = PBXTargetDependency;
			target = B9D7AD112C215ACB0074EAA6 /* AiraloTest */;
			targetProxy = B9D7AD292C215AD00074EAA6 /* PBXContainerItemProxy */;
		};
		B9D7AD342C215AD00074EAA6 /* PBXTargetDependency */ = {
			isa = PBXTargetDependency;
			target = B9D7AD112C215ACB0074EAA6 /* AiraloTest */;
			targetProxy = B9D7AD332C215AD00074EAA6 /* PBXContainerItemProxy */;
		};
/* End PBXTargetDependency section */

/* Begin PBXVariantGroup section */
		B9D7AD1B2C215ACB0074EAA6 /* Main.storyboard */ = {
			isa = PBXVariantGroup;
			children = (
				B9D7AD1C2C215ACB0074EAA6 /* Base */,
			);
			name = Main.storyboard;
			sourceTree = "<group>";
		};
		B9D7AD202C215ACD0074EAA6 /* LaunchScreen.storyboard */ = {
			isa = PBXVariantGroup;
			children = (
				B9D7AD212C215ACD0074EAA6 /* Base */,
			);
			name = LaunchScreen.storyboard;
			sourceTree = "<group>";
		};
/* End PBXVariantGroup section */

/* Begin XCBuildConfiguration section */
		B9D7AD3A2C215AD00074EAA6 /* Debug */ = {
			isa = XCBuildConfiguration;
			buildSettings = {
				ALWAYS_SEARCH_USER_PATHS = NO;
				ASSETCATALOG_COMPILER_GENERATE_SWIFT_ASSET_SYMBOL_EXTENSIONS = YES;
				CLANG_ANALYZER_NONNULL = YES;
				CLANG_ANALYZER_NUMBER_OBJECT_CONVERSION = YES_AGGRESSIVE;
				CLANG_CXX_LANGUAGE_STANDARD = "gnu++20";
				CLANG_ENABLE_MODULES = YES;
				CLANG_ENABLE_OBJC_ARC = YES;
				CLANG_ENABLE_OBJC_WEAK = YES;
				CLANG_WARN_BLOCK_CAPTURE_AUTORELEASING = YES;
				CLANG_WARN_BOOL_CONVERSION = YES;
				CLANG_WARN_COMMA = YES;
				CLANG_WARN_CONSTANT_CONVERSION = YES;
				CLANG_WARN_DEPRECATED_OBJC_IMPLEMENTATIONS = YES;
				CLANG_WARN_DIRECT_OBJC_ISA_USAGE = YES_ERROR;
				CLANG_WARN_DOCUMENTATION_COMMENTS = YES;
				CLANG_WARN_EMPTY_BODY = YES;
				CLANG_WARN_ENUM_CONVERSION = YES;
				CLANG_WARN_INFINITE_RECURSION = YES;
				CLANG_WARN_INT_CONVERSION = YES;
				CLANG_WARN_NON_LITERAL_NULL_CONVERSION = YES;
				CLANG_WARN_OBJC_IMPLICIT_RETAIN_SELF = YES;
				CLANG_WARN_OBJC_LITERAL_CONVERSION = YES;
				CLANG_WARN_OBJC_ROOT_CLASS = YES_ERROR;
				CLANG_WARN_QUOTED_INCLUDE_IN_FRAMEWORK_HEADER = YES;
				CLANG_WARN_RANGE_LOOP_ANALYSIS = YES;
				CLANG_WARN_STRICT_PROTOTYPES = YES;
				CLANG_WARN_SUSPICIOUS_MOVE = YES;
				CLANG_WARN_UNGUARDED_AVAILABILITY = YES_AGGRESSIVE;
				CLANG_WARN_UNREACHABLE_CODE = YES;
				CLANG_WARN__DUPLICATE_METHOD_MATCH = YES;
				COPY_PHASE_STRIP = NO;
				DEBUG_INFORMATION_FORMAT = dwarf;
				ENABLE_STRICT_OBJC_MSGSEND = YES;
				ENABLE_TESTABILITY = YES;
				ENABLE_USER_SCRIPT_SANDBOXING = YES;
				GCC_C_LANGUAGE_STANDARD = gnu17;
				GCC_DYNAMIC_NO_PIC = NO;
				GCC_NO_COMMON_BLOCKS = YES;
				GCC_OPTIMIZATION_LEVEL = 0;
				GCC_PREPROCESSOR_DEFINITIONS = (
					"DEBUG=1",
					"$(inherited)",
				);
				GCC_WARN_64_TO_32_BIT_CONVERSION = YES;
				GCC_WARN_ABOUT_RETURN_TYPE = YES_ERROR;
				GCC_WARN_UNDECLARED_SELECTOR = YES;
				GCC_WARN_UNINITIALIZED_AUTOS = YES_AGGRESSIVE;
				GCC_WARN_UNUSED_FUNCTION = YES;
				GCC_WARN_UNUSED_VARIABLE = YES;
				IPHONEOS_DEPLOYMENT_TARGET = 17.4;
				LOCALIZATION_PREFERS_STRING_CATALOGS = YES;
				MTL_ENABLE_DEBUG_INFO = INCLUDE_SOURCE;
				MTL_FAST_MATH = YES;
				ONLY_ACTIVE_ARCH = YES;
				SDKROOT = iphoneos;
				SWIFT_ACTIVE_COMPILATION_CONDITIONS = "DEBUG $(inherited)";
				SWIFT_OPTIMIZATION_LEVEL = "-Onone";
			};
			name = Debug;
		};
		B9D7AD3B2C215AD00074EAA6 /* Release */ = {
			isa = XCBuildConfiguration;
			buildSettings = {
				ALWAYS_SEARCH_USER_PATHS = NO;
				ASSETCATALOG_COMPILER_GENERATE_SWIFT_ASSET_SYMBOL_EXTENSIONS = YES;
				CLANG_ANALYZER_NONNULL = YES;
				CLANG_ANALYZER_NUMBER_OBJECT_CONVERSION = YES_AGGRESSIVE;
				CLANG_CXX_LANGUAGE_STANDARD = "gnu++20";
				CLANG_ENABLE_MODULES = YES;
				CLANG_ENABLE_OBJC_ARC = YES;
				CLANG_ENABLE_OBJC_WEAK = YES;
				CLANG_WARN_BLOCK_CAPTURE_AUTORELEASING = YES;
				CLANG_WARN_BOOL_CONVERSION = YES;
				CLANG_WARN_COMMA = YES;
				CLANG_WARN_CONSTANT_CONVERSION = YES;
				CLANG_WARN_DEPRECATED_OBJC_IMPLEMENTATIONS = YES;
				CLANG_WARN_DIRECT_OBJC_ISA_USAGE = YES_ERROR;
				CLANG_WARN_DOCUMENTATION_COMMENTS = YES;
				CLANG_WARN_EMPTY_BODY = YES;
				CLANG_WARN_ENUM_CONVERSION = YES;
				CLANG_WARN_INFINITE_RECURSION = YES;
				CLANG_WARN_INT_CONVERSION = YES;
				CLANG_WARN_NON_LITERAL_NULL_CONVERSION = YES;
				CLANG_WARN_OBJC_IMPLICIT_RETAIN_SELF = YES;
				CLANG_WARN_OBJC_LITERAL_CONVERSION = YES;
				CLANG_WARN_OBJC_ROOT_CLASS = YES_ERROR;
				CLANG_WARN_QUOTED_INCLUDE_IN_FRAMEWORK_HEADER = YES;
				CLANG_WARN_RANGE_LOOP_ANALYSIS = YES;
				CLANG_WARN_STRICT_PROTOTYPES = YES;
				CLANG_WARN_SUSPICIOUS_MOVE = YES;
				CLANG_WARN_UNGUARDED_AVAILABILITY = YES_AGGRESSIVE;
				CLANG_WARN_UNREACHABLE_CODE = YES;
				CLANG_WARN__DUPLICATE_METHOD_MATCH = YES;
				COPY_PHASE_STRIP = NO;
				DEBUG_INFORMATION_FORMAT = "dwarf-with-dsym";
				ENABLE_NS_ASSERTIONS = NO;
				ENABLE_STRICT_OBJC_MSGSEND = YES;
				ENABLE_USER_SCRIPT_SANDBOXING = YES;
				GCC_C_LANGUAGE_STANDARD = gnu17;
				GCC_NO_COMMON_BLOCKS = YES;
				GCC_WARN_64_TO_32_BIT_CONVERSION = YES;
				GCC_WARN_ABOUT_RETURN_TYPE = YES_ERROR;
				GCC_WARN_UNDECLARED_SELECTOR = YES;
				GCC_WARN_UNINITIALIZED_AUTOS = YES_AGGRESSIVE;
				GCC_WARN_UNUSED_FUNCTION = YES;
				GCC_WARN_UNUSED_VARIABLE = YES;
				IPHONEOS_DEPLOYMENT_TARGET = 17.4;
				LOCALIZATION_PREFERS_STRING_CATALOGS = YES;
				MTL_ENABLE_DEBUG_INFO = NO;
				MTL_FAST_MATH = YES;
				SDKROOT = iphoneos;
				SWIFT_COMPILATION_MODE = wholemodule;
				VALIDATE_PRODUCT = YES;
			};
			name = Release;
		};
		B9D7AD3D2C215AD00074EAA6 /* Debug */ = {
			isa = XCBuildConfiguration;
			buildSettings = {
				ASSETCATALOG_COMPILER_APPICON_NAME = AppIcon;
				ASSETCATALOG_COMPILER_GLOBAL_ACCENT_COLOR_NAME = AccentColor;
				CODE_SIGN_STYLE = Automatic;
				CURRENT_PROJECT_VERSION = 1;
				GENERATE_INFOPLIST_FILE = YES;
				INFOPLIST_FILE = AiraloTest/Info.plist;
				INFOPLIST_KEY_UIApplicationSupportsIndirectInputEvents = YES;
				INFOPLIST_KEY_UILaunchStoryboardName = LaunchScreen;
				INFOPLIST_KEY_UIMainStoryboardFile = Main;
				INFOPLIST_KEY_UISupportedInterfaceOrientations_iPad = "UIInterfaceOrientationPortrait UIInterfaceOrientationPortraitUpsideDown UIInterfaceOrientationLandscapeLeft UIInterfaceOrientationLandscapeRight";
				INFOPLIST_KEY_UISupportedInterfaceOrientations_iPhone = "UIInterfaceOrientationPortrait UIInterfaceOrientationLandscapeLeft UIInterfaceOrientationLandscapeRight";
				LD_RUNPATH_SEARCH_PATHS = (
					"$(inherited)",
					"@executable_path/Frameworks",
				);
				MARKETING_VERSION = 1.0;
				PRODUCT_BUNDLE_IDENTIFIER = com.danieljamestronca.AiraloTest;
				PRODUCT_NAME = "$(TARGET_NAME)";
				SWIFT_EMIT_LOC_STRINGS = YES;
				SWIFT_VERSION = 5.0;
				TARGETED_DEVICE_FAMILY = "1,2";
			};
			name = Debug;
		};
		B9D7AD3E2C215AD00074EAA6 /* Release */ = {
			isa = XCBuildConfiguration;
			buildSettings = {
				ASSETCATALOG_COMPILER_APPICON_NAME = AppIcon;
				ASSETCATALOG_COMPILER_GLOBAL_ACCENT_COLOR_NAME = AccentColor;
				CODE_SIGN_STYLE = Automatic;
				CURRENT_PROJECT_VERSION = 1;
				GENERATE_INFOPLIST_FILE = YES;
				INFOPLIST_FILE = AiraloTest/Info.plist;
				INFOPLIST_KEY_UIApplicationSupportsIndirectInputEvents = YES;
				INFOPLIST_KEY_UILaunchStoryboardName = LaunchScreen;
				INFOPLIST_KEY_UIMainStoryboardFile = Main;
				INFOPLIST_KEY_UISupportedInterfaceOrientations_iPad = "UIInterfaceOrientationPortrait UIInterfaceOrientationPortraitUpsideDown UIInterfaceOrientationLandscapeLeft UIInterfaceOrientationLandscapeRight";
				INFOPLIST_KEY_UISupportedInterfaceOrientations_iPhone = "UIInterfaceOrientationPortrait UIInterfaceOrientationLandscapeLeft UIInterfaceOrientationLandscapeRight";
				LD_RUNPATH_SEARCH_PATHS = (
					"$(inherited)",
					"@executable_path/Frameworks",
				);
				MARKETING_VERSION = 1.0;
				PRODUCT_BUNDLE_IDENTIFIER = com.danieljamestronca.AiraloTest;
				PRODUCT_NAME = "$(TARGET_NAME)";
				SWIFT_EMIT_LOC_STRINGS = YES;
				SWIFT_VERSION = 5.0;
				TARGETED_DEVICE_FAMILY = "1,2";
			};
			name = Release;
		};
		B9D7AD402C215AD00074EAA6 /* Debug */ = {
			isa = XCBuildConfiguration;
			buildSettings = {
				ALWAYS_EMBED_SWIFT_STANDARD_LIBRARIES = YES;
				BUNDLE_LOADER = "$(TEST_HOST)";
				CODE_SIGN_STYLE = Automatic;
				CURRENT_PROJECT_VERSION = 1;
				GENERATE_INFOPLIST_FILE = YES;
				IPHONEOS_DEPLOYMENT_TARGET = 17.4;
				MARKETING_VERSION = 1.0;
				PRODUCT_BUNDLE_IDENTIFIER = com.danieljamestronca.AiraloTestTests;
				PRODUCT_NAME = "$(TARGET_NAME)";
				SWIFT_EMIT_LOC_STRINGS = NO;
				SWIFT_VERSION = 5.0;
				TARGETED_DEVICE_FAMILY = "1,2";
				TEST_HOST = "$(BUILT_PRODUCTS_DIR)/AiraloTest.app/$(BUNDLE_EXECUTABLE_FOLDER_PATH)/AiraloTest";
			};
			name = Debug;
		};
		B9D7AD412C215AD00074EAA6 /* Release */ = {
			isa = XCBuildConfiguration;
			buildSettings = {
				ALWAYS_EMBED_SWIFT_STANDARD_LIBRARIES = YES;
				BUNDLE_LOADER = "$(TEST_HOST)";
				CODE_SIGN_STYLE = Automatic;
				CURRENT_PROJECT_VERSION = 1;
				GENERATE_INFOPLIST_FILE = YES;
				IPHONEOS_DEPLOYMENT_TARGET = 17.4;
				MARKETING_VERSION = 1.0;
				PRODUCT_BUNDLE_IDENTIFIER = com.danieljamestronca.AiraloTestTests;
				PRODUCT_NAME = "$(TARGET_NAME)";
				SWIFT_EMIT_LOC_STRINGS = NO;
				SWIFT_VERSION = 5.0;
				TARGETED_DEVICE_FAMILY = "1,2";
				TEST_HOST = "$(BUILT_PRODUCTS_DIR)/AiraloTest.app/$(BUNDLE_EXECUTABLE_FOLDER_PATH)/AiraloTest";
			};
			name = Release;
		};
		B9D7AD432C215AD00074EAA6 /* Debug */ = {
			isa = XCBuildConfiguration;
			buildSettings = {
				ALWAYS_EMBED_SWIFT_STANDARD_LIBRARIES = YES;
				CODE_SIGN_STYLE = Automatic;
				CURRENT_PROJECT_VERSION = 1;
				GENERATE_INFOPLIST_FILE = YES;
				MARKETING_VERSION = 1.0;
				PRODUCT_BUNDLE_IDENTIFIER = com.danieljamestronca.AiraloTestUITests;
				PRODUCT_NAME = "$(TARGET_NAME)";
				SWIFT_EMIT_LOC_STRINGS = NO;
				SWIFT_VERSION = 5.0;
				TARGETED_DEVICE_FAMILY = "1,2";
				TEST_TARGET_NAME = AiraloTest;
			};
			name = Debug;
		};
		B9D7AD442C215AD00074EAA6 /* Release */ = {
			isa = XCBuildConfiguration;
			buildSettings = {
				ALWAYS_EMBED_SWIFT_STANDARD_LIBRARIES = YES;
				CODE_SIGN_STYLE = Automatic;
				CURRENT_PROJECT_VERSION = 1;
				GENERATE_INFOPLIST_FILE = YES;
				MARKETING_VERSION = 1.0;
				PRODUCT_BUNDLE_IDENTIFIER = com.danieljamestronca.AiraloTestUITests;
				PRODUCT_NAME = "$(TARGET_NAME)";
				SWIFT_EMIT_LOC_STRINGS = NO;
				SWIFT_VERSION = 5.0;
				TARGETED_DEVICE_FAMILY = "1,2";
				TEST_TARGET_NAME = AiraloTest;
			};
			name = Release;
		};
/* End XCBuildConfiguration section */

/* Begin XCConfigurationList section */
		B9D7AD0D2C215ACB0074EAA6 /* Build configuration list for PBXProject "AiraloTest" */ = {
			isa = XCConfigurationList;
			buildConfigurations = (
				B9D7AD3A2C215AD00074EAA6 /* Debug */,
				B9D7AD3B2C215AD00074EAA6 /* Release */,
			);
			defaultConfigurationIsVisible = 0;
			defaultConfigurationName = Release;
		};
		B9D7AD3C2C215AD00074EAA6 /* Build configuration list for PBXNativeTarget "AiraloTest" */ = {
			isa = XCConfigurationList;
			buildConfigurations = (
				B9D7AD3D2C215AD00074EAA6 /* Debug */,
				B9D7AD3E2C215AD00074EAA6 /* Release */,
			);
			defaultConfigurationIsVisible = 0;
			defaultConfigurationName = Release;
		};
		B9D7AD3F2C215AD00074EAA6 /* Build configuration list for PBXNativeTarget "AiraloTestTests" */ = {
			isa = XCConfigurationList;
			buildConfigurations = (
				B9D7AD402C215AD00074EAA6 /* Debug */,
				B9D7AD412C215AD00074EAA6 /* Release */,
			);
			defaultConfigurationIsVisible = 0;
			defaultConfigurationName = Release;
		};
		B9D7AD422C215AD00074EAA6 /* Build configuration list for PBXNativeTarget "AiraloTestUITests" */ = {
			isa = XCConfigurationList;
			buildConfigurations = (
				B9D7AD432C215AD00074EAA6 /* Debug */,
				B9D7AD442C215AD00074EAA6 /* Release */,
			);
			defaultConfigurationIsVisible = 0;
			defaultConfigurationName = Release;
		};
/* End XCConfigurationList section */
	};
	rootObject = B9D7AD0A2C215ACB0074EAA6 /* Project object */;
}
